<?xml version="1.0" encoding="utf-8"?>
<Project ToolsVersion="4.0" xmlns="http://schemas.microsoft.com/developer/msbuild/2003">
  <ItemGroup>
    <Filter Include="cuda">
      <UniqueIdentifier>{c17d8414-6697-4859-9316-a0fdbe799233}</UniqueIdentifier>
    </Filter>
    <Filter Include="app">
      <UniqueIdentifier>{c0d035a2-1219-4e1d-a417-cb629982868f}</UniqueIdentifier>
    </Filter>
  </ItemGroup>
  <ItemGroup>
    <CudaCompile Include="kernel.cu">
      <Filter>cuda</Filter>
    </CudaCompile>
  </ItemGroup>
  <ItemGroup>
    <ClCompile Include="main.cpp">
      <Filter>app</Filter>
    </ClCompile>
  </ItemGroup>
  <ItemGroup>
    <ClInclude Include="kernel.h">
      <Filter>cuda</Filter>
    </ClInclude>
  </ItemGroup>
</Project>